{
  "workspace": {
    "packages": {
      "backend-es": {
        "path": "backend-es",
        "core": {
          "dependencies": [
            {
              "aff": ">=8.0.0 <9.0.0"
            },
            {
              "argonaut": ">=9.0.0 <10.0.0"
            },
            {
              "argparse-basic": ">=2.0.0 <3.0.0"
            },
            {
              "arrays": ">=7.3.0 <8.0.0"
            },
            {
              "backend-optimizer": "*"
            },
            {
              "bifunctors": ">=6.1.0 <7.0.0"
            },
            {
              "console": ">=6.1.0 <7.0.0"
            },
            {
              "control": ">=6.0.0 <7.0.0"
            },
            {
              "datetime": ">=6.1.0 <7.0.0"
            },
            {
              "dodo-printer": ">=2.2.3 <3.0.0"
            },
            {
              "effect": ">=4.0.0 <5.0.0"
            },
            {
              "either": ">=6.1.0 <7.0.0"
            },
            {
              "enums": ">=6.0.1 <7.0.0"
            },
            {
              "filterable": ">=5.0.0 <6.0.0"
            },
            {
              "foldable-traversable": ">=6.0.0 <7.0.0"
            },
            {
              "integers": ">=6.0.0 <7.0.0"
            },
            {
              "language-cst-parser": ">=0.14.1 <0.15.0"
            },
            {
              "lazy": ">=6.0.0 <7.0.0"
            },
            {
              "lists": ">=7.0.0 <8.0.0"
            },
            {
              "maybe": ">=6.0.0 <7.0.0"
            },
            {
              "newtype": ">=5.0.0 <6.0.0"
            },
            {
              "node-buffer": ">=9.0.0 <10.0.0"
            },
            {
              "node-child-process": ">=11.1.0 <12.0.0"
            },
            {
              "node-event-emitter": ">=3.0.0 <4.0.0"
            },
            {
              "node-fs": ">=9.2.0 <10.0.0"
            },
            {
              "node-glob-basic": ">=2.0.0 <3.0.0"
            },
            {
              "node-path": ">=5.0.1 <6.0.0"
            },
            {
              "node-process": ">=11.2.0 <12.0.0"
            },
            {
              "node-streams": ">=9.0.1 <10.0.0"
            },
            {
              "now": ">=6.0.0 <7.0.0"
            },
            {
              "nullable": ">=6.0.0 <7.0.0"
            },
            {
              "numbers": ">=9.0.1 <10.0.0"
            },
            {
              "ordered-collections": ">=3.2.0 <4.0.0"
            },
            {
              "orders": ">=6.0.0 <7.0.0"
            },
            {
              "parallel": ">=7.0.0 <8.0.0"
            },
            {
              "partial": ">=4.0.0 <5.0.0"
            },
            {
              "posix-types": ">=6.0.0 <7.0.0"
            },
            {
              "prelude": ">=6.0.2 <7.0.0"
            },
            {
              "refs": ">=6.0.0 <7.0.0"
            },
            {
              "strings": ">=6.0.1 <7.0.0"
            },
            {
              "transformers": ">=6.1.0 <7.0.0"
            },
            {
              "tuples": ">=7.0.0 <8.0.0"
            }
          ],
          "build_plan": [
            "aff",
            "ansi",
            "argonaut",
            "argonaut-codecs",
            "argonaut-core",
            "argonaut-traversals",
            "argparse-basic",
            "arraybuffer-types",
            "arrays",
            "backend-optimizer",
            "bifunctors",
            "catenable-lists",
            "console",
            "const",
            "contravariant",
            "control",
            "datetime",
            "debug",
            "distributive",
            "dodo-printer",
            "effect",
            "either",
            "enums",
            "exceptions",
            "exists",
            "filterable",
            "foldable-traversable",
            "foreign",
            "foreign-object",
            "free",
            "functions",
            "functors",
            "gen",
            "identity",
            "integers",
            "invariant",
            "js-date",
            "language-cst-parser",
            "lazy",
            "lists",
            "maybe",
            "newtype",
            "node-buffer",
            "node-child-process",
            "node-event-emitter",
            "node-fs",
            "node-glob-basic",
            "node-os",
            "node-path",
            "node-process",
            "node-streams",
            "nonempty",
            "now",
            "nullable",
            "numbers",
            "ordered-collections",
            "orders",
            "parallel",
            "partial",
            "posix-types",
            "prelude",
            "profunctor",
            "profunctor-lenses",
            "record",
            "refs",
            "safe-coerce",
            "st",
            "strings",
            "tailrec",
            "transformers",
            "tuples",
            "type-equality",
            "typelevel-prelude",
            "unfoldable",
            "unsafe-coerce"
          ]
        },
        "test": {
          "dependencies": [
            "ansi"
          ],
          "build_plan": [
            "ansi",
            "arrays",
            "bifunctors",
            "const",
            "contravariant",
            "control",
            "distributive",
            "effect",
            "either",
            "enums",
            "exists",
            "foldable-traversable",
            "functions",
            "functors",
            "gen",
            "identity",
            "integers",
            "invariant",
            "lazy",
            "lists",
            "maybe",
            "newtype",
            "nonempty",
            "numbers",
            "orders",
            "partial",
            "prelude",
            "profunctor",
            "refs",
            "safe-coerce",
            "st",
            "strings",
            "tailrec",
            "tuples",
            "type-equality",
            "unfoldable",
            "unsafe-coerce"
          ]
        }
      },
      "backend-optimizer": {
        "path": "./",
        "core": {
          "dependencies": [
            {
              "argonaut": ">=9.0.0 <10.0.0"
            },
            {
              "arrays": ">=7.3.0 <8.0.0"
            },
            {
              "control": ">=6.0.0 <7.0.0"
            },
            {
              "debug": ">=6.0.2 <7.0.0"
            },
            {
              "dodo-printer": ">=2.2.3 <3.0.0"
            },
            {
              "either": ">=6.1.0 <7.0.0"
            },
            {
              "enums": ">=6.0.1 <7.0.0"
            },
            {
              "foldable-traversable": ">=6.0.0 <7.0.0"
            },
            {
              "foreign-object": ">=4.1.0 <5.0.0"
            },
            {
              "integers": ">=6.0.0 <7.0.0"
            },
            {
              "language-cst-parser": ">=0.14.1 <0.15.0"
            },
            {
              "lazy": ">=6.0.0 <7.0.0"
            },
            {
              "lists": ">=7.0.0 <8.0.0"
            },
            {
              "maybe": ">=6.0.0 <7.0.0"
            },
            {
              "newtype": ">=5.0.0 <6.0.0"
            },
            {
              "ordered-collections": ">=3.2.0 <4.0.0"
            },
            {
              "partial": ">=4.0.0 <5.0.0"
            },
            {
              "prelude": ">=6.0.2 <7.0.0"
            },
            {
              "safe-coerce": ">=2.0.0 <3.0.0"
            },
            {
              "st": ">=6.2.0 <7.0.0"
            },
            {
              "strings": ">=6.0.1 <7.0.0"
            },
            {
              "transformers": ">=6.1.0 <7.0.0"
            },
            {
              "tuples": ">=7.0.0 <8.0.0"
            },
            {
              "unsafe-coerce": ">=6.0.0 <7.0.0"
            }
          ],
          "build_plan": [
            "ansi",
            "argonaut",
            "argonaut-codecs",
            "argonaut-core",
            "argonaut-traversals",
            "arrays",
            "bifunctors",
            "catenable-lists",
            "const",
            "contravariant",
            "control",
            "debug",
            "distributive",
            "dodo-printer",
            "effect",
            "either",
            "enums",
            "exceptions",
            "exists",
            "foldable-traversable",
            "foreign-object",
            "free",
            "functions",
            "functors",
            "gen",
            "identity",
            "integers",
            "invariant",
            "language-cst-parser",
            "lazy",
            "lists",
            "maybe",
            "newtype",
            "nonempty",
            "numbers",
            "ordered-collections",
            "orders",
            "partial",
            "prelude",
            "profunctor",
            "profunctor-lenses",
            "record",
            "refs",
            "safe-coerce",
            "st",
            "strings",
            "tailrec",
            "transformers",
            "tuples",
            "type-equality",
            "typelevel-prelude",
            "unfoldable",
            "unsafe-coerce"
          ]
        },
        "test": {
          "dependencies": [],
          "build_plan": []
        }
      }
    },
    "extra_packages": {}
  },
  "packages": {
    "aff": {
      "type": "registry",
      "version": "8.0.0",
      "integrity": "sha256-9BRIrSdRoYybfiUmBqgKJ66cPqxYHb277bVWQMn/9sg=",
      "dependencies": [
        "bifunctors",
        "control",
        "datetime",
        "effect",
        "either",
        "exceptions",
        "foldable-traversable",
        "functions",
        "maybe",
        "newtype",
        "parallel",
        "prelude",
        "refs",
        "tailrec",
        "transformers",
        "unsafe-coerce"
      ]
    },
    "ansi": {
      "type": "registry",
      "version": "7.0.0",
      "integrity": "sha256-tOUaXJFzPSfBVAqLI8hc+Tz2M1rg16cXqyHaK/3SmFg=",
      "dependencies": [
        "foldable-traversable",
        "lists",
        "strings"
      ]
    },
    "argonaut": {
      "type": "registry",
      "version": "9.0.0",
      "integrity": "sha256-M/EUEihkRu5xKGKe7UfkrybGj56SDTKz1EappEOiWgA=",
      "dependencies": [
        "argonaut-codecs",
        "argonaut-core",
        "argonaut-traversals"
      ]
    },
    "argonaut-codecs": {
      "type": "registry",
      "version": "9.1.0",
      "integrity": "sha256-K910SBrmYallESsm8pxJYThs7lig6hxX3M4PW33Cgew=",
      "dependencies": [
        "argonaut-core",
        "arrays",
        "effect",
        "foreign-object",
        "identity",
        "integers",
        "maybe",
        "nonempty",
        "ordered-collections",
        "prelude",
        "record"
      ]
    },
    "argonaut-core": {
      "type": "registry",
      "version": "7.0.0",
      "integrity": "sha256-gYZihtBIKthVuXXoiPphMookSf8M5aHyFYkcIWqlxTM=",
      "dependencies": [
        "arrays",
        "control",
        "either",
        "foreign-object",
        "functions",
        "gen",
        "maybe",
        "nonempty",
        "prelude",
        "strings",
        "tailrec"
      ]
    },
    "argonaut-traversals": {
      "type": "registry",
      "version": "10.0.0",
      "integrity": "sha256-guTCBwDiOECrV9CvHF2cH61wa0xMNkbw2/zgl9c0QVk=",
      "dependencies": [
        "argonaut-codecs",
        "argonaut-core",
        "profunctor-lenses"
      ]
    },
    "argparse-basic": {
      "type": "registry",
      "version": "2.0.0",
      "integrity": "sha256-j0HDYapdh4HCvJgt1xBF5Xp2ZU9Pyd5n6spEgPZYkDk=",
      "dependencies": [
        "arrays",
        "bifunctors",
        "control",
        "either",
        "foldable-traversable",
        "integers",
        "lists",
        "maybe",
        "newtype",
        "numbers",
        "prelude",
        "record",
        "strings",
        "tuples",
        "unfoldable"
      ]
    },
    "arraybuffer-types": {
      "type": "registry",
      "version": "3.0.2",
      "integrity": "sha256-p05cJnSkyeoB7VHzMyc2Eb1RwUaB7Nl0sQSqEGNEUD8=",
      "dependencies": []
    },
    "arrays": {
      "type": "registry",
      "version": "7.3.0",
      "integrity": "sha256-GD4z7LCi9wzi7FCQqbWhvs8paoUK9NO+HwgXZ+KP8Rk=",
      "dependencies": [
        "bifunctors",
        "control",
        "foldable-traversable",
        "functions",
        "maybe",
        "nonempty",
        "partial",
        "prelude",
        "safe-coerce",
        "st",
        "tailrec",
        "tuples",
        "unfoldable",
        "unsafe-coerce"
      ]
    },
    "bifunctors": {
      "type": "registry",
      "version": "6.1.0",
      "integrity": "sha256-CvZRb8uI75eKIqiYntR+k05Wk6tKlMS5w8sCA2AFna0=",
      "dependencies": [
        "const",
        "either",
        "newtype",
        "prelude",
        "tuples"
      ]
    },
    "catenable-lists": {
      "type": "registry",
      "version": "7.0.0",
      "integrity": "sha256-7+i/MHBLIRh604iCNT4ENWRWE/wuHIotER4kpdX9Ve0=",
      "dependencies": [
        "control",
        "foldable-traversable",
        "lists",
        "maybe",
        "prelude",
        "tuples",
        "unfoldable"
      ]
    },
    "console": {
      "type": "registry",
      "version": "6.1.0",
      "integrity": "sha256-3T5PPz1mATZmV0C4GzkCkpLlCa5xG7u8ZNgnLrrrI1Q=",
      "dependencies": [
        "effect",
        "prelude"
      ]
    },
    "const": {
      "type": "registry",
      "version": "6.0.0",
      "integrity": "sha256-S+m0lQsxnji0z1XRUmkn+3RFuWJ5CXWuIr1u3i8Bfoc=",
      "dependencies": [
        "invariant",
        "newtype",
        "prelude"
      ]
    },
    "contravariant": {
      "type": "registry",
      "version": "6.0.0",
      "integrity": "sha256-nuckEWqL80NaPmR/l9AUyrfycNh18XcvlZV9PAamwqc=",
      "dependencies": [
        "const",
        "either",
        "newtype",
        "prelude",
        "tuples"
      ]
    },
    "control": {
      "type": "registry",
      "version": "6.0.0",
      "integrity": "sha256-0vxyYh5FL+ilxgLo954w1LqCUC0RSIivNNlb9CaNUQg=",
      "dependencies": [
        "newtype",
        "prelude"
      ]
    },
    "datetime": {
      "type": "registry",
      "version": "6.1.0",
      "integrity": "sha256-tbv6eDXy6QOD7YSknxYSbsDF32OC2JrNbSBpzMs7Doc=",
      "dependencies": [
        "bifunctors",
        "control",
        "either",
        "enums",
        "foldable-traversable",
        "functions",
        "gen",
        "integers",
        "lists",
        "maybe",
        "newtype",
        "numbers",
        "ordered-collections",
        "partial",
        "prelude",
        "tuples"
      ]
    },
    "debug": {
      "type": "registry",
      "version": "6.0.2",
      "integrity": "sha256-d/EzRm/J2JyzvlIeo2Ex78Y7HRB0IXBitnVJywL4gHk=",
      "dependencies": [
        "functions",
        "prelude"
      ]
    },
    "distributive": {
      "type": "registry",
      "version": "6.0.0",
      "integrity": "sha256-netyJK4B32PDYHD0tF2AenKgo3urzbI770ycM0pArAo=",
      "dependencies": [
        "identity",
        "newtype",
        "prelude",
        "tuples",
        "type-equality"
      ]
    },
    "dodo-printer": {
      "type": "registry",
      "version": "2.2.3",
      "integrity": "sha256-z6LZV9tXQPBZvHqzUYyCYGB7zHq6u7TOgV6Pr0wiobs=",
      "dependencies": [
        "ansi",
        "either",
        "foldable-traversable",
        "integers",
        "lists",
        "maybe",
        "newtype",
        "partial",
        "prelude",
        "safe-coerce",
        "strings",
        "tuples"
      ]
    },
    "effect": {
      "type": "registry",
      "version": "4.0.0",
      "integrity": "sha256-DdqU3bncRTjgMVPPRlAuGHVeajSPEcRaRhNuio7if6s=",
      "dependencies": [
        "prelude"
      ]
    },
    "either": {
      "type": "registry",
      "version": "6.1.0",
      "integrity": "sha256-tBHx3PgtH4GZOApZCDkcM7szRTYJinrUrVGWazQCUUg=",
      "dependencies": [
        "control",
        "invariant",
        "maybe",
        "prelude"
      ]
    },
    "enums": {
      "type": "registry",
      "version": "6.0.1",
      "integrity": "sha256-sdZOmLX5+5pASGpvVyT0vSD5BBYQjZiayjV5XiPutso=",
      "dependencies": [
        "control",
        "either",
        "gen",
        "maybe",
        "newtype",
        "nonempty",
        "partial",
        "prelude",
        "tuples",
        "unfoldable"
      ]
    },
    "exceptions": {
      "type": "registry",
      "version": "6.1.0",
      "integrity": "sha256-nRrr+N0wk0TUFOWLR7e1n1oxcXo/X345bQUtoY9lW6A=",
      "dependencies": [
        "effect",
        "either",
        "maybe",
        "prelude"
      ]
    },
    "exists": {
      "type": "registry",
      "version": "6.0.0",
      "integrity": "sha256-vtLbrWNaI+pzx/2fw2AQnCovoLtcosClIhjO26QKkh8=",
      "dependencies": [
        "unsafe-coerce"
      ]
    },
    "filterable": {
      "type": "registry",
      "version": "5.0.0",
      "integrity": "sha256-be7ci1Bzwud2waqoCtNGsTBZbt7fi+gCLvGddQQRJ3A=",
      "dependencies": [
        "arrays",
        "either",
        "foldable-traversable",
        "identity",
        "lists",
        "ordered-collections"
      ]
    },
    "foldable-traversable": {
      "type": "registry",
      "version": "6.0.0",
      "integrity": "sha256-NGGWyCio/xjce6fPP7y3wwg7CheqllID6aJudDxbWhA=",
      "dependencies": [
        "bifunctors",
        "const",
        "control",
        "either",
        "functors",
        "identity",
        "maybe",
        "newtype",
        "orders",
        "prelude",
        "tuples"
      ]
    },
    "foreign": {
      "type": "registry",
      "version": "7.0.0",
      "integrity": "sha256-jiDRMVQfovGsbbA/FzbzYf6iWk9i2b5gNrIjz+gFfsI=",
      "dependencies": [
        "either",
        "functions",
        "identity",
        "integers",
        "lists",
        "maybe",
        "prelude",
        "strings",
        "transformers"
      ]
    },
    "foreign-object": {
      "type": "registry",
      "version": "4.1.0",
      "integrity": "sha256-x/Q7r80z/vmHRKvPwhYmHP/DnJciPtsyGfRTMzayKIU=",
      "dependencies": [
        "arrays",
        "foldable-traversable",
        "functions",
        "gen",
        "lists",
        "maybe",
        "prelude",
        "st",
        "tailrec",
        "tuples",
        "typelevel-prelude",
        "unfoldable"
      ]
    },
    "free": {
      "type": "registry",
      "version": "7.1.0",
      "integrity": "sha256-tUBInfUpRQEw4u94GWcYW7EYdmSdDHSRn88a+C0eltU=",
      "dependencies": [
        "catenable-lists",
        "control",
        "distributive",
        "either",
        "exists",
        "foldable-traversable",
        "invariant",
        "lazy",
        "maybe",
        "prelude",
        "tailrec",
        "transformers",
        "tuples",
        "unsafe-coerce"
      ]
    },
    "functions": {
      "type": "registry",
      "version": "6.0.0",
      "integrity": "sha256-0jgtOr+SFO4UScKc40oA/9Vdcf2rLn3h3vZlY0KfqVo=",
      "dependencies": [
        "prelude"
      ]
    },
    "functors": {
      "type": "registry",
      "version": "5.0.0",
      "integrity": "sha256-W1o/4wcp6S3chodYL8uixlXK2mfr1L+SzM1R+whqUco=",
      "dependencies": [
        "bifunctors",
        "const",
        "contravariant",
        "control",
        "distributive",
        "either",
        "invariant",
        "maybe",
        "newtype",
        "prelude",
        "profunctor",
        "tuples",
        "unsafe-coerce"
      ]
    },
    "gen": {
      "type": "registry",
      "version": "4.0.0",
      "integrity": "sha256-kyOateeOtQa07vfTMYeSuCKdelgKE1R65fwKkZ10wsY=",
      "dependencies": [
        "either",
        "foldable-traversable",
        "identity",
        "maybe",
        "newtype",
        "nonempty",
        "prelude",
        "tailrec",
        "tuples",
        "unfoldable"
      ]
    },
    "identity": {
      "type": "registry",
      "version": "6.0.0",
      "integrity": "sha256-RY/iXPpxpqvKHYfJeFVNI1J06kohB9rbtWYuha8t0LE=",
      "dependencies": [
        "control",
        "invariant",
        "newtype",
        "prelude"
      ]
    },
    "integers": {
      "type": "registry",
      "version": "6.0.0",
      "integrity": "sha256-Y8yozC1uHRLcruobEyv5/bMKzE1BoKJ/olHv6o+bgm8=",
      "dependencies": [
        "maybe",
        "numbers",
        "prelude"
      ]
    },
    "invariant": {
      "type": "registry",
      "version": "6.0.0",
      "integrity": "sha256-HyoT1I5qIHRq8RSZji6zZDvqnpVjLw748utrKwZtqsw=",
      "dependencies": [
        "control",
        "prelude"
      ]
    },
    "js-date": {
      "type": "registry",
      "version": "8.0.0",
      "integrity": "sha256-DNQrp4xYc8o80jtxo0aOkUeXGi6h0Xidkk2ZQ8Y4l5Y=",
      "dependencies": [
        "datetime",
        "effect",
        "exceptions",
        "foreign",
        "integers",
        "now"
      ]
    },
    "language-cst-parser": {
      "type": "registry",
      "version": "0.14.1",
      "integrity": "sha256-tnue0oM2/EmyNJmLoJDnmUDfinKLJHi2fcSGt7d6ewU=",
      "dependencies": [
        "arrays",
        "const",
        "control",
        "effect",
        "either",
        "enums",
        "foldable-traversable",
        "free",
        "functions",
        "functors",
        "identity",
        "integers",
        "lazy",
        "lists",
        "maybe",
        "newtype",
        "numbers",
        "ordered-collections",
        "partial",
        "prelude",
        "st",
        "strings",
        "transformers",
        "tuples",
        "typelevel-prelude",
        "unfoldable",
        "unsafe-coerce"
      ]
    },
    "lazy": {
      "type": "registry",
      "version": "6.0.0",
      "integrity": "sha256-MHRC+1Pc+AjortBp4b/e1e6KpEpsDwaJBNBB7TOL+1I=",
      "dependencies": [
        "control",
        "foldable-traversable",
        "invariant",
        "prelude"
      ]
    },
    "lists": {
      "type": "registry",
      "version": "7.0.0",
      "integrity": "sha256-/mGd7wLoU+wsTcqii7SSUByxsvwvjnu2PjwAD47yYb4=",
      "dependencies": [
        "bifunctors",
        "control",
        "foldable-traversable",
        "lazy",
        "maybe",
        "newtype",
        "nonempty",
        "partial",
        "prelude",
        "tailrec",
        "tuples",
        "unfoldable"
      ]
    },
    "maybe": {
      "type": "registry",
      "version": "6.0.0",
      "integrity": "sha256-8X6XEgtZ5lqfkEuc1hWOofnL6mwhk8gSJTxwvbR/SbY=",
      "dependencies": [
        "control",
        "invariant",
        "newtype",
        "prelude"
      ]
    },
    "newtype": {
      "type": "registry",
      "version": "5.0.0",
      "integrity": "sha256-dt6w0cty4OS+Pjt9fsh3iU6ottqSU83mdAZkaEEvo6c=",
      "dependencies": [
        "prelude",
        "safe-coerce"
      ]
    },
    "node-buffer": {
      "type": "registry",
      "version": "9.0.0",
      "integrity": "sha256-RdQjilmEHqsT4fwpCr8Mavw8KTafYrS3ZM6zeAAVAl8=",
      "dependencies": [
        "arraybuffer-types",
        "effect",
        "maybe",
        "nullable",
        "st",
        "unsafe-coerce"
      ]
    },
    "node-child-process": {
      "type": "registry",
      "version": "11.1.0",
      "integrity": "sha256-Um7g75gXKEX51ZlviJWocTjUENUW1qHgqGqhYKkka74=",
      "dependencies": [
        "exceptions",
        "foreign",
        "foreign-object",
        "functions",
        "node-event-emitter",
        "node-fs",
        "node-os",
        "node-streams",
        "nullable",
        "posix-types",
        "unsafe-coerce"
      ]
    },
    "node-event-emitter": {
      "type": "registry",
      "version": "3.0.0",
      "integrity": "sha256-wodx71NxJBPXOaawFn01V1ByYB2vT+I3RuV2giOVKMg=",
      "dependencies": [
        "effect",
        "either",
        "functions",
        "maybe",
        "nullable",
        "prelude",
        "unsafe-coerce"
      ]
    },
    "node-fs": {
      "type": "registry",
      "version": "9.2.0",
      "integrity": "sha256-fxioTSm9y47WuYs9F/7nxCh/RVDCl3Kr3Hg779J4SJA=",
      "dependencies": [
        "datetime",
        "effect",
        "either",
        "enums",
        "exceptions",
        "functions",
        "integers",
        "js-date",
        "maybe",
        "node-buffer",
        "node-path",
        "node-streams",
        "nullable",
        "partial",
        "prelude",
        "strings",
        "unsafe-coerce"
      ]
    },
    "node-glob-basic": {
      "type": "registry",
      "version": "2.0.0",
      "integrity": "sha256-bGqHSBqz99RgUAuoFEllfm5dIlNBGV6x1QSXbQhsbLk=",
      "dependencies": [
        "aff",
        "effect",
        "either",
        "foldable-traversable",
        "lists",
        "maybe",
        "node-fs",
        "node-path",
        "node-process",
        "ordered-collections",
        "parallel",
        "prelude",
        "refs",
        "strings",
        "tuples"
      ]
    },
    "node-os": {
      "type": "registry",
      "version": "5.1.0",
      "integrity": "sha256-UtQiPiZy5ouV832ubww/U8KlpVYny9xsW8WWfYOEgtA=",
      "dependencies": [
        "arrays",
        "bifunctors",
        "console",
        "control",
        "datetime",
        "effect",
        "either",
        "exceptions",
        "foldable-traversable",
        "foreign",
        "foreign-object",
        "functions",
        "maybe",
        "node-buffer",
        "nullable",
        "partial",
        "posix-types",
        "prelude",
        "unsafe-coerce"
      ]
    },
    "node-path": {
      "type": "registry",
      "version": "5.0.1",
      "integrity": "sha256-j7n/SmpVz0FOMJl4XZop3ofJ+MeIPkMNqUEUKHEL6Us=",
      "dependencies": [
        "effect"
      ]
    },
    "node-process": {
      "type": "registry",
      "version": "11.2.0",
      "integrity": "sha256-onzKeNmaeYfN3HSDPqSFTrrP2Yl9tnVsfKKhnf2plxM=",
      "dependencies": [
        "effect",
        "foreign",
        "foreign-object",
        "maybe",
        "node-event-emitter",
        "node-streams",
        "posix-types",
        "prelude",
        "unsafe-coerce"
      ]
    },
    "node-streams": {
      "type": "registry",
      "version": "9.0.1",
      "integrity": "sha256-yuVGm/R/tBr4Nphi+a1a984Z0fkmN9Q5wWtSmbmJTpA=",
      "dependencies": [
        "aff",
        "arrays",
        "effect",
        "either",
        "exceptions",
        "maybe",
        "node-buffer",
        "node-event-emitter",
        "nullable",
        "prelude",
        "refs",
        "st",
        "tailrec",
        "unsafe-coerce"
      ]
    },
    "nonempty": {
      "type": "registry",
      "version": "7.0.0",
      "integrity": "sha256-Ctkq8/+KiGqCE53Y/LvibA/coy7ev9HtRZU+GYS7yfQ=",
      "dependencies": [
        "control",
        "foldable-traversable",
        "maybe",
        "prelude",
        "tuples",
        "unfoldable"
      ]
    },
    "now": {
      "type": "registry",
      "version": "6.0.0",
      "integrity": "sha256-mTyG4s8tps3XIf0jjV/lME2/QlwMzrQly2wqfSSUM3o=",
      "dependencies": [
        "datetime",
        "effect"
      ]
    },
    "nullable": {
      "type": "registry",
      "version": "6.0.0",
      "integrity": "sha256-CDAZk+L9Sc0GCFTkE8n+qdp4Ys8avvnkU+m2hVALt7M=",
      "dependencies": [
        "effect",
        "functions",
        "maybe"
      ]
    },
    "numbers": {
      "type": "registry",
      "version": "9.0.1",
      "integrity": "sha256-ZydYckgwRAnRaFC7pu6fADhzdwX+UqHZrfJyet64zls=",
      "dependencies": [
        "functions",
        "maybe"
      ]
    },
    "ordered-collections": {
      "type": "registry",
      "version": "3.2.0",
      "integrity": "sha256-NaEXc2cz/7lJfxPWEja4XlZbGxuRqJwFKQJjsJf51kQ=",
      "dependencies": [
        "arrays",
        "foldable-traversable",
        "gen",
        "lists",
        "maybe",
        "partial",
        "prelude",
        "st",
        "tailrec",
        "tuples",
        "unfoldable"
      ]
    },
    "orders": {
      "type": "registry",
      "version": "6.0.0",
      "integrity": "sha256-nSMxZK7wxyDULkjZqvMyB71mVo6b0AyLLHosDVbv1XM=",
      "dependencies": [
        "newtype",
        "prelude"
      ]
    },
    "parallel": {
      "type": "registry",
      "version": "7.0.0",
      "integrity": "sha256-bAGpVhrFz2IyHkA4MR7+tE/19FZ7dzYBdYPgK5svkqw=",
      "dependencies": [
        "control",
        "effect",
        "either",
        "foldable-traversable",
        "functors",
        "maybe",
        "newtype",
        "prelude",
        "profunctor",
        "refs",
        "transformers"
      ]
    },
    "partial": {
      "type": "registry",
      "version": "4.0.0",
      "integrity": "sha256-mdrlJBAgFMh79hNRW39uv7c+BwnnaOrAMmdh7+VhEhs=",
      "dependencies": []
    },
    "posix-types": {
      "type": "registry",
      "version": "6.0.0",
      "integrity": "sha256-Je5jG439F/SFO/IvVevZnWVxDIonrehlKuJkefP2lHE=",
      "dependencies": [
        "maybe",
        "prelude"
      ]
    },
    "prelude": {
      "type": "registry",
      "version": "6.0.2",
      "integrity": "sha256-IqykrDRquGUD/LRSad7y75hZv3bUsGQ4knc8tdez8Qw=",
      "dependencies": []
    },
    "profunctor": {
      "type": "registry",
      "version": "6.0.1",
      "integrity": "sha256-Ow0mJC+PIIRq/a3mzCWY5vxuTgR/e+Ee68+mWeSRnWY=",
      "dependencies": [
        "control",
        "distributive",
        "either",
        "exists",
        "invariant",
        "newtype",
        "prelude",
        "tuples"
      ]
    },
    "profunctor-lenses": {
      "type": "registry",
      "version": "8.0.0",
      "integrity": "sha256-mVIYR3kEMHyO2m+VicJeZeVyDJ4IgvkMzDll3JdnRN4=",
      "dependencies": [
        "arrays",
        "bifunctors",
        "const",
        "control",
        "distributive",
        "either",
        "foldable-traversable",
        "foreign-object",
        "functors",
        "identity",
        "lists",
        "maybe",
        "newtype",
        "ordered-collections",
        "partial",
        "prelude",
        "profunctor",
        "record",
        "transformers",
        "tuples"
      ]
    },
    "record": {
      "type": "registry",
      "version": "4.0.0",
      "integrity": "sha256-WQ8fqp4X1wTA70J4qUcPW4Z7DCwx6e5KJnT/EuTdWSc=",
      "dependencies": [
        "functions",
        "prelude",
        "unsafe-coerce"
      ]
    },
    "refs": {
      "type": "registry",
      "version": "6.0.0",
      "integrity": "sha256-KKD5G9dR2SauuDGULUJsxjqDOEi1Jqm+2Sq5U2mY8YU=",
      "dependencies": [
        "effect",
        "prelude"
      ]
    },
    "safe-coerce": {
      "type": "registry",
      "version": "2.0.0",
      "integrity": "sha256-EJrxtKt5xC7TYjBZrSBO/J7Aw3DmtilYjt4olpAXWVc=",
      "dependencies": [
        "unsafe-coerce"
      ]
    },
    "st": {
      "type": "registry",
      "version": "6.2.0",
      "integrity": "sha256-WI4MEkkwUd4pnwZQ3G8VKWgX5t1RSNJludm5e9boaRo=",
      "dependencies": [
        "partial",
        "prelude",
        "tailrec",
        "unsafe-coerce"
      ]
    },
    "strings": {
      "type": "registry",
      "version": "6.0.1",
      "integrity": "sha256-FNto2hoNW5Da6W6crIk77YXMagBvOGHZE1kO7eZ1vLM=",
      "dependencies": [
        "arrays",
        "control",
        "either",
        "enums",
        "foldable-traversable",
        "gen",
        "integers",
        "maybe",
        "newtype",
        "nonempty",
        "partial",
        "prelude",
        "tailrec",
        "tuples",
        "unfoldable",
        "unsafe-coerce"
      ]
    },
    "tailrec": {
      "type": "registry",
      "version": "6.1.0",
      "integrity": "sha256-xrorCfP0xV1wubs27idQCHQqdvSUuqmmL/am7Ji1wVU=",
      "dependencies": [
        "bifunctors",
        "effect",
        "either",
        "identity",
        "maybe",
        "partial",
        "prelude",
        "refs"
      ]
    },
    "transformers": {
      "type": "registry",
      "version": "6.1.0",
      "integrity": "sha256-QJmgNT/y7ljPHSsXaW4zxF/982BFiQ90KNL1g/NtEOQ=",
      "dependencies": [
        "control",
        "distributive",
        "effect",
        "either",
        "exceptions",
        "foldable-traversable",
        "identity",
        "lazy",
        "maybe",
        "newtype",
        "prelude",
        "st",
        "tailrec",
        "tuples",
        "unfoldable"
      ]
    },
    "tuples": {
      "type": "registry",
      "version": "7.0.0",
      "integrity": "sha256-BKy7EfK8S1KeTCwyWqyW1wwcpSAQuh3IsczSVgS6fzY=",
      "dependencies": [
        "control",
        "invariant",
        "prelude"
      ]
    },
    "type-equality": {
      "type": "registry",
      "version": "4.0.1",
      "integrity": "sha256-BBqYOSnAKmayRvR5mtZoCf4SlYs2ipatD/+5nQx73aw=",
      "dependencies": []
    },
    "typelevel-prelude": {
      "type": "registry",
      "version": "7.0.0",
      "integrity": "sha256-+pHi14/40mTj/+lmCWqL0T7iXIXD1+NSg/KItyyoB0A=",
      "dependencies": [
        "prelude",
        "type-equality"
      ]
    },
    "unfoldable": {
      "type": "registry",
      "version": "6.0.0",
      "integrity": "sha256-BK/6By1sKp/ztk+9CF3q43SV0QDTLVdsGqFerKHSmbg=",
      "dependencies": [
        "foldable-traversable",
        "maybe",
        "partial",
        "prelude",
        "tuples"
      ]
    },
    "unsafe-coerce": {
      "type": "registry",
      "version": "6.0.0",
      "integrity": "sha256-0L1QsaY20OILjfU5TV72d3U/tSjhmL9hJ32WMp857Lk=",
      "dependencies": []
    }
  }
}
