{
  "workspace": {
    "packages": {
      "backend-es": {
        "path": "backend-es",
        "core": {
          "dependencies": [
            {
              "aff": ">=8.0.0 <9.0.0"
            },
            {
              "argonaut": ">=9.0.0 <10.0.0"
            },
            {
              "argparse-basic": ">=2.0.0 <3.0.0"
            },
            {
              "arrays": ">=7.3.0 <8.0.0"
            },
            {
              "backend-optimizer": "*"
            },
            {
              "bifunctors": ">=6.1.0 <7.0.0"
            },
            {
              "console": ">=6.1.0 <7.0.0"
            },
            {
              "control": ">=6.0.0 <7.0.0"
            },
            {
              "datetime": ">=6.1.0 <7.0.0"
            },
            {
              "dodo-printer": ">=2.2.3 <3.0.0"
            },
            {
              "effect": ">=4.0.0 <5.0.0"
            },
            {
              "either": ">=6.1.0 <7.0.0"
            },
            {
              "enums": ">=6.0.1 <7.0.0"
            },
            {
              "filterable": ">=5.0.0 <6.0.0"
            },
            {
              "foldable-traversable": ">=6.0.0 <7.0.0"
            },
            {
              "language-cst-parser": ">=0.14.1 <0.15.0"
            },
            {
              "lazy": ">=6.0.0 <7.0.0"
            },
            {
              "lists": ">=7.0.0 <8.0.0"
            },
            {
              "maybe": ">=6.0.0 <7.0.0"
            },
            {
              "newtype": ">=5.0.0 <6.0.0"
            },
            {
              "node-buffer": ">=9.0.0 <10.0.0"
            },
            {
              "node-child-process": ">=11.1.0 <12.0.0"
            },
            {
              "node-event-emitter": ">=3.0.0 <4.0.0"
            },
            {
              "node-fs": ">=9.2.0 <10.0.0"
            },
            {
              "node-glob-basic": ">=2.0.0 <3.0.0"
            },
            {
              "node-path": ">=5.0.1 <6.0.0"
            },
            {
              "node-process": ">=11.2.0 <12.0.0"
            },
            {
              "node-streams": ">=9.0.1 <10.0.0"
            },
            {
              "now": ">=6.0.0 <7.0.0"
            },
            {
              "nullable": ">=6.0.0 <7.0.0"
            },
            {
              "numbers": ">=9.0.1 <10.0.0"
            },
            {
              "ordered-collections": ">=3.2.0 <4.0.0"
            },
            {
              "orders": ">=6.0.0 <7.0.0"
            },
            {
              "parallel": ">=7.0.0 <8.0.0"
            },
            {
              "partial": ">=4.0.0 <5.0.0"
            },
            {
              "posix-types": ">=6.0.0 <7.0.0"
            },
            {
              "prelude": ">=6.0.2 <7.0.0"
            },
            {
              "refs": ">=6.0.0 <7.0.0"
            },
            {
              "strings": ">=6.0.1 <7.0.0"
            },
            {
              "transformers": ">=6.1.0 <7.0.0"
            },
            {
              "tuples": ">=7.0.0 <8.0.0"
            }
          ],
          "build_plan": [
            "aff",
            "ansi",
            "argonaut",
            "argonaut-codecs",
            "argonaut-core",
            "argonaut-traversals",
            "argparse-basic",
            "arraybuffer-types",
            "arrays",
            "backend-optimizer",
            "bifunctors",
            "catenable-lists",
            "console",
            "const",
            "contravariant",
            "control",
            "datetime",
            "debug",
            "distributive",
            "dodo-printer",
            "effect",
            "either",
            "enums",
            "exceptions",
            "exists",
            "filterable",
            "foldable-traversable",
            "foreign",
            "foreign-object",
            "free",
            "functions",
            "functors",
            "gen",
            "identity",
            "integers",
            "invariant",
            "js-date",
            "language-cst-parser",
            "lazy",
            "lists",
            "maybe",
            "newtype",
            "node-buffer",
            "node-child-process",
            "node-event-emitter",
            "node-fs",
            "node-glob-basic",
            "node-os",
            "node-path",
            "node-process",
            "node-streams",
            "nonempty",
            "now",
            "nullable",
            "numbers",
            "ordered-collections",
            "orders",
            "parallel",
            "partial",
            "posix-types",
            "prelude",
            "profunctor",
            "profunctor-lenses",
            "record",
            "refs",
            "safe-coerce",
            "st",
            "strings",
            "tailrec",
            "transformers",
            "tuples",
            "type-equality",
            "typelevel-prelude",
            "unfoldable",
            "unsafe-coerce"
          ]
        },
        "test": {
          "dependencies": [
            "ansi"
          ],
          "build_plan": [
            "ansi",
            "arrays",
            "bifunctors",
            "const",
            "contravariant",
            "control",
            "distributive",
            "effect",
            "either",
            "enums",
            "exists",
            "foldable-traversable",
            "functions",
            "functors",
            "gen",
            "identity",
            "integers",
            "invariant",
            "lazy",
            "lists",
            "maybe",
            "newtype",
            "nonempty",
            "numbers",
            "orders",
            "partial",
            "prelude",
            "profunctor",
            "refs",
            "safe-coerce",
            "st",
            "strings",
            "tailrec",
            "tuples",
            "type-equality",
            "unfoldable",
            "unsafe-coerce"
          ]
        }
      },
      "backend-optimizer": {
        "path": "./",
        "core": {
          "dependencies": [
            {
              "argonaut": ">=9.0.0 <10.0.0"
            },
            {
              "arrays": ">=7.3.0 <8.0.0"
            },
            {
              "control": ">=6.0.0 <7.0.0"
            },
            {
              "debug": ">=6.0.2 <7.0.0"
            },
            {
              "dodo-printer": ">=2.2.3 <3.0.0"
            },
            {
              "either": ">=6.1.0 <7.0.0"
            },
            {
              "enums": ">=6.0.1 <7.0.0"
            },
            {
              "foldable-traversable": ">=6.0.0 <7.0.0"
            },
            {
              "foreign-object": ">=4.1.0 <5.0.0"
            },
            {
              "integers": ">=6.0.0 <7.0.0"
            },
            {
              "language-cst-parser": ">=0.14.1 <0.15.0"
            },
            {
              "lazy": ">=6.0.0 <7.0.0"
            },
            {
              "lists": ">=7.0.0 <8.0.0"
            },
            {
              "maybe": ">=6.0.0 <7.0.0"
            },
            {
              "newtype": ">=5.0.0 <6.0.0"
            },
            {
              "ordered-collections": ">=3.2.0 <4.0.0"
            },
            {
              "partial": ">=4.0.0 <5.0.0"
            },
            {
              "prelude": ">=6.0.2 <7.0.0"
            },
            {
              "safe-coerce": ">=2.0.0 <3.0.0"
            },
            {
              "st": ">=6.2.0 <7.0.0"
            },
            {
              "strings": ">=6.0.1 <7.0.0"
            },
            {
              "transformers": ">=6.1.0 <7.0.0"
            },
            {
              "tuples": ">=7.0.0 <8.0.0"
            },
            {
              "unsafe-coerce": ">=6.0.0 <7.0.0"
            }
          ],
          "build_plan": [
            "ansi",
            "argonaut",
            "argonaut-codecs",
            "argonaut-core",
            "argonaut-traversals",
            "arrays",
            "bifunctors",
            "catenable-lists",
            "const",
            "contravariant",
            "control",
            "debug",
            "distributive",
            "dodo-printer",
            "effect",
            "either",
            "enums",
            "exceptions",
            "exists",
            "foldable-traversable",
            "foreign-object",
            "free",
            "functions",
            "functors",
            "gen",
            "identity",
            "integers",
            "invariant",
            "language-cst-parser",
            "lazy",
            "lists",
            "maybe",
            "newtype",
            "nonempty",
            "numbers",
            "ordered-collections",
            "orders",
            "partial",
            "prelude",
            "profunctor",
            "profunctor-lenses",
            "record",
            "refs",
            "safe-coerce",
            "st",
            "strings",
            "tailrec",
            "transformers",
            "tuples",
            "type-equality",
            "typelevel-prelude",
            "unfoldable",
            "unsafe-coerce"
          ]
        },
        "test": {
          "dependencies": [],
          "build_plan": []
        }
      }
    },
    "extra_packages": {}
  },
  "packages": {
    "aff": {
      "type": "registry",
      "version": "8.0.0",
      "integrity": "sha256-5MmdI4+0RHBtSBy+YlU3/Cq4R5W2ih3OaRedJIrVHdk=",
      "dependencies": [
        "bifunctors",
        "control",
        "datetime",
        "effect",
        "either",
        "exceptions",
        "foldable-traversable",
        "functions",
        "maybe",
        "newtype",
        "parallel",
        "prelude",
        "refs",
        "tailrec",
        "transformers",
        "unsafe-coerce"
      ]
    },
    "ansi": {
      "type": "registry",
      "version": "7.0.0",
      "integrity": "sha256-ZMB6HD+q9CXvn9fRCmJ8dvuDrOVHcjombL3oNOerVnE=",
      "dependencies": [
        "foldable-traversable",
        "lists",
        "strings"
      ]
    },
    "argonaut": {
      "type": "registry",
      "version": "9.0.0",
      "integrity": "sha256-9sHzkzcFkaMUa9+3FjIybJDYnHtY4Jp4zHOJ84qPTXo=",
      "dependencies": [
        "argonaut-codecs",
        "argonaut-core",
        "argonaut-traversals"
      ]
    },
    "argonaut-codecs": {
      "type": "registry",
      "version": "9.1.0",
      "integrity": "sha256-N6efXByUeg848ompEqJfVvZuZPfdRYDGlTDFn0G0Oh8=",
      "dependencies": [
        "argonaut-core",
        "arrays",
        "effect",
        "foreign-object",
        "identity",
        "integers",
        "maybe",
        "nonempty",
        "ordered-collections",
        "prelude",
        "record"
      ]
    },
    "argonaut-core": {
      "type": "registry",
      "version": "7.0.0",
      "integrity": "sha256-RC82GfAjItydxrO24cdX373KHVZiLqybu19b5X8u7B4=",
      "dependencies": [
        "arrays",
        "control",
        "either",
        "foreign-object",
        "functions",
        "gen",
        "maybe",
        "nonempty",
        "prelude",
        "strings",
        "tailrec"
      ]
    },
    "argonaut-traversals": {
      "type": "registry",
      "version": "10.0.0",
      "integrity": "sha256-9nSfqR70rjiNWVVsCoK+jrm9dmyZTx89IKNYO6uNUIk=",
      "dependencies": [
        "argonaut-codecs",
        "argonaut-core",
        "profunctor-lenses"
      ]
    },
    "argparse-basic": {
      "type": "registry",
      "version": "2.0.0",
      "integrity": "sha256-3Pp8MDfRL2oeBdfxXIUVJBdhGniaahw2UOG4QmHPm58=",
      "dependencies": [
        "arrays",
        "bifunctors",
        "control",
        "either",
        "foldable-traversable",
        "integers",
        "lists",
        "maybe",
        "newtype",
        "numbers",
        "prelude",
        "record",
        "strings",
        "tuples",
        "unfoldable"
      ]
    },
    "arraybuffer-types": {
      "type": "registry",
      "version": "3.0.2",
      "integrity": "sha256-mQKokysYVkooS4uXbO+yovmV/s8b138Ws3zQvOwIHRA=",
      "dependencies": []
    },
    "arrays": {
      "type": "registry",
      "version": "7.3.0",
      "integrity": "sha256-tmcklBlc/muUtUfr9RapdCPwnlQeB3aSrC4dK85gQlc=",
      "dependencies": [
        "bifunctors",
        "control",
        "foldable-traversable",
        "functions",
        "maybe",
        "nonempty",
        "partial",
        "prelude",
        "safe-coerce",
        "st",
        "tailrec",
        "tuples",
        "unfoldable",
        "unsafe-coerce"
      ]
    },
    "bifunctors": {
      "type": "registry",
      "version": "6.1.0",
      "integrity": "sha256-6enQzl1vqnFTQZ1WX9BnoOOVdPGO9WZvVXldHckVQvY=",
      "dependencies": [
        "const",
        "either",
        "newtype",
        "prelude",
        "tuples"
      ]
    },
    "catenable-lists": {
      "type": "registry",
      "version": "7.0.0",
      "integrity": "sha256-76vYENhwF4BWTBsjeLuErCH2jqVT4M3R1HX+4RwSftA=",
      "dependencies": [
        "control",
        "foldable-traversable",
        "lists",
        "maybe",
        "prelude",
        "tuples",
        "unfoldable"
      ]
    },
    "console": {
      "type": "registry",
      "version": "6.1.0",
      "integrity": "sha256-CxmAzjgyuGDmt9FZW51VhV6rBPwR6o0YeKUzA9rSzcM=",
      "dependencies": [
        "effect",
        "prelude"
      ]
    },
    "const": {
      "type": "registry",
      "version": "6.0.0",
      "integrity": "sha256-tNrxDW8D8H4jdHE2HiPzpLy08zkzJMmGHdRqt5BQuTc=",
      "dependencies": [
        "invariant",
        "newtype",
        "prelude"
      ]
    },
    "contravariant": {
      "type": "registry",
      "version": "6.0.0",
      "integrity": "sha256-TP+ooAp3vvmdjfQsQJSichF5B4BPDHp3wAJoWchip6c=",
      "dependencies": [
        "const",
        "either",
        "newtype",
        "prelude",
        "tuples"
      ]
    },
    "control": {
      "type": "registry",
      "version": "6.0.0",
      "integrity": "sha256-sH7Pg9E96JCPF9PIA6oQ8+BjTyO/BH1ZuE/bOcyj4Jk=",
      "dependencies": [
        "newtype",
        "prelude"
      ]
    },
    "datetime": {
      "type": "registry",
      "version": "6.1.0",
      "integrity": "sha256-g/5X5BBegQWLpI9IWD+sY6mcaYpzzlW5lz5NBzaMtyI=",
      "dependencies": [
        "bifunctors",
        "control",
        "either",
        "enums",
        "foldable-traversable",
        "functions",
        "gen",
        "integers",
        "lists",
        "maybe",
        "newtype",
        "numbers",
        "ordered-collections",
        "partial",
        "prelude",
        "tuples"
      ]
    },
    "debug": {
      "type": "registry",
      "version": "6.0.2",
      "integrity": "sha256-vmkYFuXYuELBzeauvgHG6E6Kf/Hp1dAnxwE9ByHfwSg=",
      "dependencies": [
        "functions",
        "prelude"
      ]
    },
    "distributive": {
      "type": "registry",
      "version": "6.0.0",
      "integrity": "sha256-HTDdmEnzigMl+02SJB88j+gAXDx9VKsbvR4MJGDPbOQ=",
      "dependencies": [
        "identity",
        "newtype",
        "prelude",
        "tuples",
        "type-equality"
      ]
    },
    "dodo-printer": {
      "type": "registry",
      "version": "2.2.3",
      "integrity": "sha256-+XQtWgt+ybwvQb+QbJ60wm4/hxGRAQoSmeR+Se+ZT7I=",
      "dependencies": [
        "ansi",
        "either",
        "foldable-traversable",
        "integers",
        "lists",
        "maybe",
        "newtype",
        "partial",
        "prelude",
        "safe-coerce",
        "strings",
        "tuples"
      ]
    },
    "effect": {
      "type": "registry",
      "version": "4.0.0",
      "integrity": "sha256-eBtZu+HZcMa5HilvI6kaDyVX3ji8p0W9MGKy2K4T6+M=",
      "dependencies": [
        "prelude"
      ]
    },
    "either": {
      "type": "registry",
      "version": "6.1.0",
      "integrity": "sha256-6hgTPisnMWVwQivOu2PKYcH8uqjEOOqDyaDQVUchTpY=",
      "dependencies": [
        "control",
        "invariant",
        "maybe",
        "prelude"
      ]
    },
    "enums": {
      "type": "registry",
      "version": "6.0.1",
      "integrity": "sha256-HWaD73JFLorc4A6trKIRUeDMdzE+GpkJaEOM1nTNkC8=",
      "dependencies": [
        "control",
        "either",
        "gen",
        "maybe",
        "newtype",
        "nonempty",
        "partial",
        "prelude",
        "tuples",
        "unfoldable"
      ]
    },
    "exceptions": {
      "type": "registry",
      "version": "6.1.0",
      "integrity": "sha256-K0T89IHtF3vBY7eSAO7eDOqSb2J9kZGAcDN5+IKsF8E=",
      "dependencies": [
        "effect",
        "either",
        "maybe",
        "prelude"
      ]
    },
    "exists": {
      "type": "registry",
      "version": "6.0.0",
      "integrity": "sha256-A0JQHpTfo1dNOj9U5/Fd3xndlRSE0g2IQWOGor2yXn8=",
      "dependencies": [
        "unsafe-coerce"
      ]
    },
    "filterable": {
      "type": "registry",
      "version": "5.0.0",
      "integrity": "sha256-cCojJHRnTmpY1j1kegI4CFwghdQ2Fm/8dzM8IlC+lng=",
      "dependencies": [
        "arrays",
        "either",
        "foldable-traversable",
        "identity",
        "lists",
        "ordered-collections"
      ]
    },
    "foldable-traversable": {
      "type": "registry",
      "version": "6.0.0",
      "integrity": "sha256-fLeqRYM4jUrZD5H4WqcwUgzU7XfYkzO4zhgtNc3jcWM=",
      "dependencies": [
        "bifunctors",
        "const",
        "control",
        "either",
        "functors",
        "identity",
        "maybe",
        "newtype",
        "orders",
        "prelude",
        "tuples"
      ]
    },
    "foreign": {
      "type": "registry",
      "version": "7.0.0",
      "integrity": "sha256-1ORiqoS3HW+qfwSZAppHPWy4/6AQysxZ2t29jcdUMNA=",
      "dependencies": [
        "either",
        "functions",
        "identity",
        "integers",
        "lists",
        "maybe",
        "prelude",
        "strings",
        "transformers"
      ]
    },
    "foreign-object": {
      "type": "registry",
      "version": "4.1.0",
      "integrity": "sha256-q24okj6mT+yGHYQ+ei/pYPj5ih6sTbu7eDv/WU56JVo=",
      "dependencies": [
        "arrays",
        "foldable-traversable",
        "functions",
        "gen",
        "lists",
        "maybe",
        "prelude",
        "st",
        "tailrec",
        "tuples",
        "typelevel-prelude",
        "unfoldable"
      ]
    },
    "free": {
      "type": "registry",
      "version": "7.1.0",
      "integrity": "sha256-JAumgEsGSzJCNLD8AaFvuX7CpqS5yruCngi6yI7+V5k=",
      "dependencies": [
        "catenable-lists",
        "control",
        "distributive",
        "either",
        "exists",
        "foldable-traversable",
        "invariant",
        "lazy",
        "maybe",
        "prelude",
        "tailrec",
        "transformers",
        "tuples",
        "unsafe-coerce"
      ]
    },
    "functions": {
      "type": "registry",
      "version": "6.0.0",
      "integrity": "sha256-adMyJNEnhGde2unHHAP79gPtlNjNqzgLB8arEOn9hLI=",
      "dependencies": [
        "prelude"
      ]
    },
    "functors": {
      "type": "registry",
      "version": "5.0.0",
      "integrity": "sha256-zfPWWYisbD84MqwpJSZFlvM6v86McM68ob8p9s27ywU=",
      "dependencies": [
        "bifunctors",
        "const",
        "contravariant",
        "control",
        "distributive",
        "either",
        "invariant",
        "maybe",
        "newtype",
        "prelude",
        "profunctor",
        "tuples",
        "unsafe-coerce"
      ]
    },
    "gen": {
      "type": "registry",
      "version": "4.0.0",
      "integrity": "sha256-f7yzAXWwr+xnaqEOcvyO3ezKdoes8+WXWdXIHDBCAPI=",
      "dependencies": [
        "either",
        "foldable-traversable",
        "identity",
        "maybe",
        "newtype",
        "nonempty",
        "prelude",
        "tailrec",
        "tuples",
        "unfoldable"
      ]
    },
    "identity": {
      "type": "registry",
      "version": "6.0.0",
      "integrity": "sha256-4wY0XZbAksjY6UAg99WkuKyJlQlWAfTi2ssadH0wVMY=",
      "dependencies": [
        "control",
        "invariant",
        "newtype",
        "prelude"
      ]
    },
    "integers": {
      "type": "registry",
      "version": "6.0.0",
      "integrity": "sha256-sf+sK26R1hzwl3NhXR7WAu9zCDjQnfoXwcyGoseX158=",
      "dependencies": [
        "maybe",
        "numbers",
        "prelude"
      ]
    },
    "invariant": {
      "type": "registry",
      "version": "6.0.0",
      "integrity": "sha256-RGWWyYrz0Hs1KjPDA+87Kia67ZFBhfJ5lMGOMCEFoLo=",
      "dependencies": [
        "control",
        "prelude"
      ]
    },
    "js-date": {
      "type": "registry",
      "version": "8.0.0",
      "integrity": "sha256-6TVF4DWg5JL+jRAsoMssYw8rgOVALMUHT1CuNZt8NRo=",
      "dependencies": [
        "datetime",
        "effect",
        "exceptions",
        "foreign",
        "integers",
        "now"
      ]
    },
    "language-cst-parser": {
      "type": "registry",
      "version": "0.14.1",
      "integrity": "sha256-LJzh1ZTaKjcrHx95ZfO2La3w6Xb/IZQT3m2Nuj4n1dM=",
      "dependencies": [
        "arrays",
        "const",
        "control",
        "effect",
        "either",
        "enums",
        "foldable-traversable",
        "free",
        "functions",
        "functors",
        "identity",
        "integers",
        "lazy",
        "lists",
        "maybe",
        "newtype",
        "numbers",
        "ordered-collections",
        "partial",
        "prelude",
        "st",
        "strings",
        "transformers",
        "tuples",
        "typelevel-prelude",
        "unfoldable",
        "unsafe-coerce"
      ]
    },
    "lazy": {
      "type": "registry",
      "version": "6.0.0",
      "integrity": "sha256-lMsfFOnlqfe4KzRRiW8ot5ge6HtcU3Eyh2XkXcP5IgU=",
      "dependencies": [
        "control",
        "foldable-traversable",
        "invariant",
        "prelude"
      ]
    },
    "lists": {
      "type": "registry",
      "version": "7.0.0",
      "integrity": "sha256-EKF15qYqucuXP2lT/xPxhqy58f0FFT6KHdIB/yBOayI=",
      "dependencies": [
        "bifunctors",
        "control",
        "foldable-traversable",
        "lazy",
        "maybe",
        "newtype",
        "nonempty",
        "partial",
        "prelude",
        "tailrec",
        "tuples",
        "unfoldable"
      ]
    },
    "maybe": {
      "type": "registry",
      "version": "6.0.0",
      "integrity": "sha256-5cCIb0wPwbat2PRkQhUeZO0jcAmf8jCt2qE0wbC3v2Q=",
      "dependencies": [
        "control",
        "invariant",
        "newtype",
        "prelude"
      ]
    },
    "newtype": {
      "type": "registry",
      "version": "5.0.0",
      "integrity": "sha256-gdrQu8oGe9eZE6L3wOI8ql/igOg+zEGB5ITh2g+uttw=",
      "dependencies": [
        "prelude",
        "safe-coerce"
      ]
    },
    "node-buffer": {
      "type": "registry",
      "version": "9.0.0",
      "integrity": "sha256-PWE2DJ5ruBLCmeA/fUiuySEFmUJ/VuRfyrnCuVZBlu4=",
      "dependencies": [
        "arraybuffer-types",
        "effect",
        "maybe",
        "nullable",
        "st",
        "unsafe-coerce"
      ]
    },
    "node-child-process": {
      "type": "registry",
      "version": "11.1.0",
      "integrity": "sha256-vioMNgk8p+CGwlb6T3I3TIir27el85Yg4satLE/I89w=",
      "dependencies": [
        "exceptions",
        "foreign",
        "foreign-object",
        "functions",
        "node-event-emitter",
        "node-fs",
        "node-os",
        "node-streams",
        "nullable",
        "posix-types",
        "unsafe-coerce"
      ]
    },
    "node-event-emitter": {
      "type": "registry",
      "version": "3.0.0",
      "integrity": "sha256-Qw0MjsT4xRH2j2i4K8JmRjcMKnH5z1Cw39t00q4LE4w=",
      "dependencies": [
        "effect",
        "either",
        "functions",
        "maybe",
        "nullable",
        "prelude",
        "unsafe-coerce"
      ]
    },
    "node-fs": {
      "type": "registry",
      "version": "9.2.0",
      "integrity": "sha256-Sg0vkXycEzkEerX6hLccz21Ygd9w1+QSk1thotRZPGI=",
      "dependencies": [
        "datetime",
        "effect",
        "either",
        "enums",
        "exceptions",
        "functions",
        "integers",
        "js-date",
        "maybe",
        "node-buffer",
        "node-path",
        "node-streams",
        "nullable",
        "partial",
        "prelude",
        "strings",
        "unsafe-coerce"
      ]
    },
    "node-glob-basic": {
      "type": "registry",
      "version": "2.0.0",
      "integrity": "sha256-COPsHFpqwFGOBbo3DZ4yQLp5UTNshLcINIV2P3h8g6o=",
      "dependencies": [
        "aff",
        "effect",
        "either",
        "foldable-traversable",
        "lists",
        "maybe",
        "node-fs",
        "node-path",
        "node-process",
        "ordered-collections",
        "parallel",
        "prelude",
        "refs",
        "strings",
        "tuples"
      ]
    },
    "node-os": {
      "type": "registry",
      "version": "5.1.0",
      "integrity": "sha256-K3gcu9AXanN1+qtk1900+Fi+CuO0s3/H/RMNRNgIzso=",
      "dependencies": [
        "arrays",
        "bifunctors",
        "console",
        "control",
        "datetime",
        "effect",
        "either",
        "exceptions",
        "foldable-traversable",
        "foreign",
        "foreign-object",
        "functions",
        "maybe",
        "node-buffer",
        "nullable",
        "partial",
        "posix-types",
        "prelude",
        "unsafe-coerce"
      ]
    },
    "node-path": {
      "type": "registry",
      "version": "5.0.1",
      "integrity": "sha256-ePOElFamHkffhwJcS0Ozq4A14rflnkasFU6X2B8/yXs=",
      "dependencies": [
        "effect"
      ]
    },
    "node-process": {
      "type": "registry",
      "version": "11.2.0",
      "integrity": "sha256-+2MQDYChjGbVbapCyJtuWYwD41jk+BntF/kcOTKBMVs=",
      "dependencies": [
        "effect",
        "foreign",
        "foreign-object",
        "maybe",
        "node-event-emitter",
        "node-streams",
        "posix-types",
        "prelude",
        "unsafe-coerce"
      ]
    },
    "node-streams": {
      "type": "registry",
      "version": "9.0.1",
      "integrity": "sha256-7RJ6RqjOlhW+QlDFQNUHlkCG/CuYTTLT8yary5jhhsU=",
      "dependencies": [
        "aff",
        "arrays",
        "effect",
        "either",
        "exceptions",
        "maybe",
        "node-buffer",
        "node-event-emitter",
        "nullable",
        "prelude",
        "refs",
        "st",
        "tailrec",
        "unsafe-coerce"
      ]
    },
    "nonempty": {
      "type": "registry",
      "version": "7.0.0",
      "integrity": "sha256-54ablJZUHGvvlTJzi3oXyPCuvY6zsrWJuH/dMJ/MFLs=",
      "dependencies": [
        "control",
        "foldable-traversable",
        "maybe",
        "prelude",
        "tuples",
        "unfoldable"
      ]
    },
    "now": {
      "type": "registry",
      "version": "6.0.0",
      "integrity": "sha256-xZ7x37ZMREfs6GCDw/h+FaKHV/3sPWmtqBZRGTxybQY=",
      "dependencies": [
        "datetime",
        "effect"
      ]
    },
    "nullable": {
      "type": "registry",
      "version": "6.0.0",
      "integrity": "sha256-yiGBVl3AD+Guy4kNWWeN+zl1gCiJK+oeIFtZtPCw4+o=",
      "dependencies": [
        "effect",
        "functions",
        "maybe"
      ]
    },
    "numbers": {
      "type": "registry",
      "version": "9.0.1",
      "integrity": "sha256-/9M6aeMDBdB4cwYDeJvLFprAHZ49EbtKQLIJsneXLIk=",
      "dependencies": [
        "functions",
        "maybe"
      ]
    },
    "ordered-collections": {
      "type": "registry",
      "version": "3.2.0",
      "integrity": "sha256-o9jqsj5rpJmMdoe/zyufWHFjYYFTTsJpgcuCnqCO6PM=",
      "dependencies": [
        "arrays",
        "foldable-traversable",
        "gen",
        "lists",
        "maybe",
        "partial",
        "prelude",
        "st",
        "tailrec",
        "tuples",
        "unfoldable"
      ]
    },
    "orders": {
      "type": "registry",
      "version": "6.0.0",
      "integrity": "sha256-nBA0g3/ai0euH8q9pSbGqk53W2q6agm/dECZTHcoink=",
      "dependencies": [
        "newtype",
        "prelude"
      ]
    },
    "parallel": {
      "type": "registry",
      "version": "7.0.0",
      "integrity": "sha256-gUC9i4Txnx9K9RcMLsjujbwZz6BB1bnE2MLvw4GIw5o=",
      "dependencies": [
        "control",
        "effect",
        "either",
        "foldable-traversable",
        "functors",
        "maybe",
        "newtype",
        "prelude",
        "profunctor",
        "refs",
        "transformers"
      ]
    },
    "partial": {
      "type": "registry",
      "version": "4.0.0",
      "integrity": "sha256-fwXerld6Xw1VkReh8yeQsdtLVrjfGiVuC5bA1Wyo/J4=",
      "dependencies": []
    },
    "posix-types": {
      "type": "registry",
      "version": "6.0.0",
      "integrity": "sha256-ZfFz8RR1lee/o/Prccyeut3Q+9tYd08mlR72sIh6GzA=",
      "dependencies": [
        "maybe",
        "prelude"
      ]
    },
    "prelude": {
      "type": "registry",
      "version": "6.0.2",
      "integrity": "sha256-kiAPZxihtAel8uRiTNdccf4qylp/9J3jNkEHNAD0MsE=",
      "dependencies": []
    },
    "profunctor": {
      "type": "registry",
      "version": "6.0.1",
      "integrity": "sha256-E58hSYdJvF2Qjf9dnWLPlJKh2Z2fLfFLkQoYi16vsFk=",
      "dependencies": [
        "control",
        "distributive",
        "either",
        "exists",
        "invariant",
        "newtype",
        "prelude",
        "tuples"
      ]
    },
    "profunctor-lenses": {
      "type": "registry",
      "version": "8.0.0",
      "integrity": "sha256-K7f29rHRHgVSb2Y/PaSKtfYPriP6n87BJNO7EhsZHas=",
      "dependencies": [
        "arrays",
        "bifunctors",
        "const",
        "control",
        "distributive",
        "either",
        "foldable-traversable",
        "foreign-object",
        "functors",
        "identity",
        "lists",
        "maybe",
        "newtype",
        "ordered-collections",
        "partial",
        "prelude",
        "profunctor",
        "record",
        "transformers",
        "tuples"
      ]
    },
    "record": {
      "type": "registry",
      "version": "4.0.0",
      "integrity": "sha256-Za5U85bTRJEfGK5Sk4hM41oXy84YQI0I8TL3WUn1Qzg=",
      "dependencies": [
        "functions",
        "prelude",
        "unsafe-coerce"
      ]
    },
    "refs": {
      "type": "registry",
      "version": "6.0.0",
      "integrity": "sha256-Vgwne7jIbD3ZMoLNNETLT8Litw6lIYo3MfYNdtYWj9s=",
      "dependencies": [
        "effect",
        "prelude"
      ]
    },
    "safe-coerce": {
      "type": "registry",
      "version": "2.0.0",
      "integrity": "sha256-a1ibQkiUcbODbLE/WAq7Ttbbh9ex+x33VCQ7GngKudU=",
      "dependencies": [
        "unsafe-coerce"
      ]
    },
    "st": {
      "type": "registry",
      "version": "6.2.0",
      "integrity": "sha256-z9X0WsOUlPwNx9GlCC+YccCyz8MejC8Wb0C4+9fiBRY=",
      "dependencies": [
        "partial",
        "prelude",
        "tailrec",
        "unsafe-coerce"
      ]
    },
    "strings": {
      "type": "registry",
      "version": "6.0.1",
      "integrity": "sha256-WssD3DbX4OPzxSdjvRMX0yvc9+pS7n5gyPv5I2Trb7k=",
      "dependencies": [
        "arrays",
        "control",
        "either",
        "enums",
        "foldable-traversable",
        "gen",
        "integers",
        "maybe",
        "newtype",
        "nonempty",
        "partial",
        "prelude",
        "tailrec",
        "tuples",
        "unfoldable",
        "unsafe-coerce"
      ]
    },
    "tailrec": {
      "type": "registry",
      "version": "6.1.0",
      "integrity": "sha256-Xx19ECVDRrDWpz9D2GxQHHV89vd61dnXxQm0IcYQHGk=",
      "dependencies": [
        "bifunctors",
        "effect",
        "either",
        "identity",
        "maybe",
        "partial",
        "prelude",
        "refs"
      ]
    },
    "transformers": {
      "type": "registry",
      "version": "6.1.0",
      "integrity": "sha256-3Bm+Z6tsC/paG888XkywDngJ2JMos+JfOhRlkVfb7gI=",
      "dependencies": [
        "control",
        "distributive",
        "effect",
        "either",
        "exceptions",
        "foldable-traversable",
        "identity",
        "lazy",
        "maybe",
        "newtype",
        "prelude",
        "st",
        "tailrec",
        "tuples",
        "unfoldable"
      ]
    },
    "tuples": {
      "type": "registry",
      "version": "7.0.0",
      "integrity": "sha256-1rXgTomes9105BjgXqIw0FL6Fz1lqqUTLWOumhWec1M=",
      "dependencies": [
        "control",
        "invariant",
        "prelude"
      ]
    },
    "type-equality": {
      "type": "registry",
      "version": "4.0.1",
      "integrity": "sha256-Hs9D6Y71zFi/b+qu5NSbuadUQXe5iv5iWx0226vOHUw=",
      "dependencies": []
    },
    "typelevel-prelude": {
      "type": "registry",
      "version": "7.0.0",
      "integrity": "sha256-uFF2ph+vHcQpfPuPf2a3ukJDFmLhApmkpTMviHIWgJM=",
      "dependencies": [
        "prelude",
        "type-equality"
      ]
    },
    "unfoldable": {
      "type": "registry",
      "version": "6.0.0",
      "integrity": "sha256-JtikvJdktRap7vr/K4ITlxUX1QexpnqBq0G/InLr6eg=",
      "dependencies": [
        "foldable-traversable",
        "maybe",
        "partial",
        "prelude",
        "tuples"
      ]
    },
    "unsafe-coerce": {
      "type": "registry",
      "version": "6.0.0",
      "integrity": "sha256-IqIYW4Vkevn8sI+6aUwRGvd87tVL36BBeOr0cGAE7t0=",
      "dependencies": []
    }
  }
}
