{
  "workspace": {
    "packages": {
      "backend-es-test-snapshots": {
        "path": "./",
        "core": {
          "dependencies": [
            {
              "arrays": ">=7.3.0 <8.0.0"
            },
            {
              "console": ">=6.1.0 <7.0.0"
            },
            {
              "convertable-options": ">=1.0.0 <2.0.0"
            },
            {
              "effect": ">=4.0.0 <5.0.0"
            },
            {
              "either": ">=6.1.0 <7.0.0"
            },
            {
              "exceptions": ">=6.1.0 <7.0.0"
            },
            {
              "exists": ">=6.0.0 <7.0.0"
            },
            {
              "foldable-traversable": ">=6.0.0 <7.0.0"
            },
            {
              "foreign-object": ">=4.1.0 <5.0.0"
            },
            {
              "functions": ">=6.0.0 <7.0.0"
            },
            {
              "heterogeneous": ">=0.7.0 <0.8.0"
            },
            {
              "identity": ">=6.0.0 <7.0.0"
            },
            {
              "integers": ">=6.0.0 <7.0.0"
            },
            {
              "lists": ">=7.0.0 <8.0.0"
            },
            {
              "maybe": ">=6.0.0 <7.0.0"
            },
            {
              "partial": ">=4.0.0 <5.0.0"
            },
            {
              "prelude": ">=6.0.2 <7.0.0"
            },
            {
              "profunctor-lenses": ">=8.0.0 <9.0.0"
            },
            {
              "record": ">=4.0.0 <5.0.0"
            },
            {
              "refs": ">=6.0.0 <7.0.0"
            },
            {
              "safe-coerce": ">=2.0.0 <3.0.0"
            },
            {
              "st": ">=6.2.0 <7.0.0"
            },
            {
              "strings": ">=6.0.1 <7.0.0"
            },
            {
              "tuples": ">=7.0.0 <8.0.0"
            },
            {
              "type-equality": ">=4.0.1 <5.0.0"
            },
            {
              "unsafe-coerce": ">=6.0.0 <7.0.0"
            },
            {
              "variant": ">=8.0.0 <9.0.0"
            }
          ],
          "build_plan": [
            "arrays",
            "bifunctors",
            "console",
            "const",
            "contravariant",
            "control",
            "convertable-options",
            "distributive",
            "effect",
            "either",
            "enums",
            "exceptions",
            "exists",
            "foldable-traversable",
            "foreign-object",
            "functions",
            "functors",
            "gen",
            "heterogeneous",
            "identity",
            "integers",
            "invariant",
            "lazy",
            "lists",
            "maybe",
            "newtype",
            "nonempty",
            "numbers",
            "ordered-collections",
            "orders",
            "partial",
            "prelude",
            "profunctor",
            "profunctor-lenses",
            "record",
            "refs",
            "safe-coerce",
            "st",
            "strings",
            "tailrec",
            "transformers",
            "tuples",
            "type-equality",
            "typelevel-prelude",
            "unfoldable",
            "unsafe-coerce",
            "variant"
          ]
        },
        "test": {
          "dependencies": [],
          "build_plan": []
        }
      }
    },
    "extra_packages": {}
  },
  "packages": {
    "arrays": {
      "type": "registry",
      "version": "7.3.0",
      "integrity": "sha256-tmcklBlc/muUtUfr9RapdCPwnlQeB3aSrC4dK85gQlc=",
      "dependencies": [
        "bifunctors",
        "control",
        "foldable-traversable",
        "functions",
        "maybe",
        "nonempty",
        "partial",
        "prelude",
        "safe-coerce",
        "st",
        "tailrec",
        "tuples",
        "unfoldable",
        "unsafe-coerce"
      ]
    },
    "bifunctors": {
      "type": "registry",
      "version": "6.1.0",
      "integrity": "sha256-6enQzl1vqnFTQZ1WX9BnoOOVdPGO9WZvVXldHckVQvY=",
      "dependencies": [
        "const",
        "either",
        "newtype",
        "prelude",
        "tuples"
      ]
    },
    "console": {
      "type": "registry",
      "version": "6.1.0",
      "integrity": "sha256-CxmAzjgyuGDmt9FZW51VhV6rBPwR6o0YeKUzA9rSzcM=",
      "dependencies": [
        "effect",
        "prelude"
      ]
    },
    "const": {
      "type": "registry",
      "version": "6.0.0",
      "integrity": "sha256-tNrxDW8D8H4jdHE2HiPzpLy08zkzJMmGHdRqt5BQuTc=",
      "dependencies": [
        "invariant",
        "newtype",
        "prelude"
      ]
    },
    "contravariant": {
      "type": "registry",
      "version": "6.0.0",
      "integrity": "sha256-TP+ooAp3vvmdjfQsQJSichF5B4BPDHp3wAJoWchip6c=",
      "dependencies": [
        "const",
        "either",
        "newtype",
        "prelude",
        "tuples"
      ]
    },
    "control": {
      "type": "registry",
      "version": "6.0.0",
      "integrity": "sha256-sH7Pg9E96JCPF9PIA6oQ8+BjTyO/BH1ZuE/bOcyj4Jk=",
      "dependencies": [
        "newtype",
        "prelude"
      ]
    },
    "convertable-options": {
      "type": "registry",
      "version": "1.0.0",
      "integrity": "sha256-IFsYp0rXyzUtjoi3jed6yFYAVM+NhfgSn2j/zkjpccM=",
      "dependencies": [
        "console",
        "effect",
        "maybe",
        "record"
      ]
    },
    "distributive": {
      "type": "registry",
      "version": "6.0.0",
      "integrity": "sha256-HTDdmEnzigMl+02SJB88j+gAXDx9VKsbvR4MJGDPbOQ=",
      "dependencies": [
        "identity",
        "newtype",
        "prelude",
        "tuples",
        "type-equality"
      ]
    },
    "effect": {
      "type": "registry",
      "version": "4.0.0",
      "integrity": "sha256-eBtZu+HZcMa5HilvI6kaDyVX3ji8p0W9MGKy2K4T6+M=",
      "dependencies": [
        "prelude"
      ]
    },
    "either": {
      "type": "registry",
      "version": "6.1.0",
      "integrity": "sha256-6hgTPisnMWVwQivOu2PKYcH8uqjEOOqDyaDQVUchTpY=",
      "dependencies": [
        "control",
        "invariant",
        "maybe",
        "prelude"
      ]
    },
    "enums": {
      "type": "registry",
      "version": "6.0.1",
      "integrity": "sha256-HWaD73JFLorc4A6trKIRUeDMdzE+GpkJaEOM1nTNkC8=",
      "dependencies": [
        "control",
        "either",
        "gen",
        "maybe",
        "newtype",
        "nonempty",
        "partial",
        "prelude",
        "tuples",
        "unfoldable"
      ]
    },
    "exceptions": {
      "type": "registry",
      "version": "6.1.0",
      "integrity": "sha256-K0T89IHtF3vBY7eSAO7eDOqSb2J9kZGAcDN5+IKsF8E=",
      "dependencies": [
        "effect",
        "either",
        "maybe",
        "prelude"
      ]
    },
    "exists": {
      "type": "registry",
      "version": "6.0.0",
      "integrity": "sha256-A0JQHpTfo1dNOj9U5/Fd3xndlRSE0g2IQWOGor2yXn8=",
      "dependencies": [
        "unsafe-coerce"
      ]
    },
    "foldable-traversable": {
      "type": "registry",
      "version": "6.0.0",
      "integrity": "sha256-fLeqRYM4jUrZD5H4WqcwUgzU7XfYkzO4zhgtNc3jcWM=",
      "dependencies": [
        "bifunctors",
        "const",
        "control",
        "either",
        "functors",
        "identity",
        "maybe",
        "newtype",
        "orders",
        "prelude",
        "tuples"
      ]
    },
    "foreign-object": {
      "type": "registry",
      "version": "4.1.0",
      "integrity": "sha256-q24okj6mT+yGHYQ+ei/pYPj5ih6sTbu7eDv/WU56JVo=",
      "dependencies": [
        "arrays",
        "foldable-traversable",
        "functions",
        "gen",
        "lists",
        "maybe",
        "prelude",
        "st",
        "tailrec",
        "tuples",
        "typelevel-prelude",
        "unfoldable"
      ]
    },
    "functions": {
      "type": "registry",
      "version": "6.0.0",
      "integrity": "sha256-adMyJNEnhGde2unHHAP79gPtlNjNqzgLB8arEOn9hLI=",
      "dependencies": [
        "prelude"
      ]
    },
    "functors": {
      "type": "registry",
      "version": "5.0.0",
      "integrity": "sha256-zfPWWYisbD84MqwpJSZFlvM6v86McM68ob8p9s27ywU=",
      "dependencies": [
        "bifunctors",
        "const",
        "contravariant",
        "control",
        "distributive",
        "either",
        "invariant",
        "maybe",
        "newtype",
        "prelude",
        "profunctor",
        "tuples",
        "unsafe-coerce"
      ]
    },
    "gen": {
      "type": "registry",
      "version": "4.0.0",
      "integrity": "sha256-f7yzAXWwr+xnaqEOcvyO3ezKdoes8+WXWdXIHDBCAPI=",
      "dependencies": [
        "either",
        "foldable-traversable",
        "identity",
        "maybe",
        "newtype",
        "nonempty",
        "prelude",
        "tailrec",
        "tuples",
        "unfoldable"
      ]
    },
    "heterogeneous": {
      "type": "registry",
      "version": "0.7.0",
      "integrity": "sha256-GwpFqhE6nT2brsMbGBqeCEtkdeU9qLgBk8L1YHI+f2A=",
      "dependencies": [
        "either",
        "foldable-traversable",
        "functors",
        "prelude",
        "record",
        "tuples",
        "variant"
      ]
    },
    "identity": {
      "type": "registry",
      "version": "6.0.0",
      "integrity": "sha256-4wY0XZbAksjY6UAg99WkuKyJlQlWAfTi2ssadH0wVMY=",
      "dependencies": [
        "control",
        "invariant",
        "newtype",
        "prelude"
      ]
    },
    "integers": {
      "type": "registry",
      "version": "6.0.0",
      "integrity": "sha256-sf+sK26R1hzwl3NhXR7WAu9zCDjQnfoXwcyGoseX158=",
      "dependencies": [
        "maybe",
        "numbers",
        "prelude"
      ]
    },
    "invariant": {
      "type": "registry",
      "version": "6.0.0",
      "integrity": "sha256-RGWWyYrz0Hs1KjPDA+87Kia67ZFBhfJ5lMGOMCEFoLo=",
      "dependencies": [
        "control",
        "prelude"
      ]
    },
    "lazy": {
      "type": "registry",
      "version": "6.0.0",
      "integrity": "sha256-lMsfFOnlqfe4KzRRiW8ot5ge6HtcU3Eyh2XkXcP5IgU=",
      "dependencies": [
        "control",
        "foldable-traversable",
        "invariant",
        "prelude"
      ]
    },
    "lists": {
      "type": "registry",
      "version": "7.0.0",
      "integrity": "sha256-EKF15qYqucuXP2lT/xPxhqy58f0FFT6KHdIB/yBOayI=",
      "dependencies": [
        "bifunctors",
        "control",
        "foldable-traversable",
        "lazy",
        "maybe",
        "newtype",
        "nonempty",
        "partial",
        "prelude",
        "tailrec",
        "tuples",
        "unfoldable"
      ]
    },
    "maybe": {
      "type": "registry",
      "version": "6.0.0",
      "integrity": "sha256-5cCIb0wPwbat2PRkQhUeZO0jcAmf8jCt2qE0wbC3v2Q=",
      "dependencies": [
        "control",
        "invariant",
        "newtype",
        "prelude"
      ]
    },
    "newtype": {
      "type": "registry",
      "version": "5.0.0",
      "integrity": "sha256-gdrQu8oGe9eZE6L3wOI8ql/igOg+zEGB5ITh2g+uttw=",
      "dependencies": [
        "prelude",
        "safe-coerce"
      ]
    },
    "nonempty": {
      "type": "registry",
      "version": "7.0.0",
      "integrity": "sha256-54ablJZUHGvvlTJzi3oXyPCuvY6zsrWJuH/dMJ/MFLs=",
      "dependencies": [
        "control",
        "foldable-traversable",
        "maybe",
        "prelude",
        "tuples",
        "unfoldable"
      ]
    },
    "numbers": {
      "type": "registry",
      "version": "9.0.1",
      "integrity": "sha256-/9M6aeMDBdB4cwYDeJvLFprAHZ49EbtKQLIJsneXLIk=",
      "dependencies": [
        "functions",
        "maybe"
      ]
    },
    "ordered-collections": {
      "type": "registry",
      "version": "3.2.0",
      "integrity": "sha256-o9jqsj5rpJmMdoe/zyufWHFjYYFTTsJpgcuCnqCO6PM=",
      "dependencies": [
        "arrays",
        "foldable-traversable",
        "gen",
        "lists",
        "maybe",
        "partial",
        "prelude",
        "st",
        "tailrec",
        "tuples",
        "unfoldable"
      ]
    },
    "orders": {
      "type": "registry",
      "version": "6.0.0",
      "integrity": "sha256-nBA0g3/ai0euH8q9pSbGqk53W2q6agm/dECZTHcoink=",
      "dependencies": [
        "newtype",
        "prelude"
      ]
    },
    "partial": {
      "type": "registry",
      "version": "4.0.0",
      "integrity": "sha256-fwXerld6Xw1VkReh8yeQsdtLVrjfGiVuC5bA1Wyo/J4=",
      "dependencies": []
    },
    "prelude": {
      "type": "registry",
      "version": "6.0.2",
      "integrity": "sha256-kiAPZxihtAel8uRiTNdccf4qylp/9J3jNkEHNAD0MsE=",
      "dependencies": []
    },
    "profunctor": {
      "type": "registry",
      "version": "6.0.1",
      "integrity": "sha256-E58hSYdJvF2Qjf9dnWLPlJKh2Z2fLfFLkQoYi16vsFk=",
      "dependencies": [
        "control",
        "distributive",
        "either",
        "exists",
        "invariant",
        "newtype",
        "prelude",
        "tuples"
      ]
    },
    "profunctor-lenses": {
      "type": "registry",
      "version": "8.0.0",
      "integrity": "sha256-K7f29rHRHgVSb2Y/PaSKtfYPriP6n87BJNO7EhsZHas=",
      "dependencies": [
        "arrays",
        "bifunctors",
        "const",
        "control",
        "distributive",
        "either",
        "foldable-traversable",
        "foreign-object",
        "functors",
        "identity",
        "lists",
        "maybe",
        "newtype",
        "ordered-collections",
        "partial",
        "prelude",
        "profunctor",
        "record",
        "transformers",
        "tuples"
      ]
    },
    "record": {
      "type": "registry",
      "version": "4.0.0",
      "integrity": "sha256-Za5U85bTRJEfGK5Sk4hM41oXy84YQI0I8TL3WUn1Qzg=",
      "dependencies": [
        "functions",
        "prelude",
        "unsafe-coerce"
      ]
    },
    "refs": {
      "type": "registry",
      "version": "6.0.0",
      "integrity": "sha256-Vgwne7jIbD3ZMoLNNETLT8Litw6lIYo3MfYNdtYWj9s=",
      "dependencies": [
        "effect",
        "prelude"
      ]
    },
    "safe-coerce": {
      "type": "registry",
      "version": "2.0.0",
      "integrity": "sha256-a1ibQkiUcbODbLE/WAq7Ttbbh9ex+x33VCQ7GngKudU=",
      "dependencies": [
        "unsafe-coerce"
      ]
    },
    "st": {
      "type": "registry",
      "version": "6.2.0",
      "integrity": "sha256-z9X0WsOUlPwNx9GlCC+YccCyz8MejC8Wb0C4+9fiBRY=",
      "dependencies": [
        "partial",
        "prelude",
        "tailrec",
        "unsafe-coerce"
      ]
    },
    "strings": {
      "type": "registry",
      "version": "6.0.1",
      "integrity": "sha256-WssD3DbX4OPzxSdjvRMX0yvc9+pS7n5gyPv5I2Trb7k=",
      "dependencies": [
        "arrays",
        "control",
        "either",
        "enums",
        "foldable-traversable",
        "gen",
        "integers",
        "maybe",
        "newtype",
        "nonempty",
        "partial",
        "prelude",
        "tailrec",
        "tuples",
        "unfoldable",
        "unsafe-coerce"
      ]
    },
    "tailrec": {
      "type": "registry",
      "version": "6.1.0",
      "integrity": "sha256-Xx19ECVDRrDWpz9D2GxQHHV89vd61dnXxQm0IcYQHGk=",
      "dependencies": [
        "bifunctors",
        "effect",
        "either",
        "identity",
        "maybe",
        "partial",
        "prelude",
        "refs"
      ]
    },
    "transformers": {
      "type": "registry",
      "version": "6.1.0",
      "integrity": "sha256-3Bm+Z6tsC/paG888XkywDngJ2JMos+JfOhRlkVfb7gI=",
      "dependencies": [
        "control",
        "distributive",
        "effect",
        "either",
        "exceptions",
        "foldable-traversable",
        "identity",
        "lazy",
        "maybe",
        "newtype",
        "prelude",
        "st",
        "tailrec",
        "tuples",
        "unfoldable"
      ]
    },
    "tuples": {
      "type": "registry",
      "version": "7.0.0",
      "integrity": "sha256-1rXgTomes9105BjgXqIw0FL6Fz1lqqUTLWOumhWec1M=",
      "dependencies": [
        "control",
        "invariant",
        "prelude"
      ]
    },
    "type-equality": {
      "type": "registry",
      "version": "4.0.1",
      "integrity": "sha256-Hs9D6Y71zFi/b+qu5NSbuadUQXe5iv5iWx0226vOHUw=",
      "dependencies": []
    },
    "typelevel-prelude": {
      "type": "registry",
      "version": "7.0.0",
      "integrity": "sha256-uFF2ph+vHcQpfPuPf2a3ukJDFmLhApmkpTMviHIWgJM=",
      "dependencies": [
        "prelude",
        "type-equality"
      ]
    },
    "unfoldable": {
      "type": "registry",
      "version": "6.0.0",
      "integrity": "sha256-JtikvJdktRap7vr/K4ITlxUX1QexpnqBq0G/InLr6eg=",
      "dependencies": [
        "foldable-traversable",
        "maybe",
        "partial",
        "prelude",
        "tuples"
      ]
    },
    "unsafe-coerce": {
      "type": "registry",
      "version": "6.0.0",
      "integrity": "sha256-IqIYW4Vkevn8sI+6aUwRGvd87tVL36BBeOr0cGAE7t0=",
      "dependencies": []
    },
    "variant": {
      "type": "registry",
      "version": "8.0.0",
      "integrity": "sha256-SR//zQDg2dnbB8ZHslcxieUkCeNlbMToapvmh9onTtw=",
      "dependencies": [
        "enums",
        "lists",
        "maybe",
        "partial",
        "prelude",
        "record",
        "tuples",
        "unsafe-coerce"
      ]
    }
  }
}
